
Microsoft Visual Studio Solution File, Format Version 12.00
Project("{2150E333-8FDC-42A3-9474-1A3956D46DE8}") = "Services", "Services", "{6A3CCCED-4155-4DAC-A375-29BB295C07FE}"
EndProject
Project("{2150E333-8FDC-42A3-9474-1A3956D46DE8}") = "BuildingBlocks", "BuildingBlocks", "{2EAD1BF8-005F-4567-A588-E42E65B7FD15}"
EndProject
Project("{FAE04EC0-301F-11D3-BF4B-00C04F79EFBC}") = "Infrastructure", "BuildingBlocks\Infrastructure\Infrastructure.csproj", "{53FB622A-E290-4AD2-A755-5BBC255CF268}"
EndProject
Project("{FAE04EC0-301F-11D3-BF4B-00C04F79EFBC}") = "Users.API", "Services\Users.API\Users.API.csproj", "{BAF9294D-7CD9-4F0A-ABF2-D9059F48521F}"
EndProject
Project("{2150E333-8FDC-42A3-9474-1A3956D46DE8}") = "ApiGateways", "ApiGateways", "{7BA525D5-4FE8-4B51-8DCF-DF68839BADBF}"
EndProject
Project("{FAE04EC0-301F-11D3-BF4B-00C04F79EFBC}") = "OcelotGateway", "ApiGateways\OcelotGateway\OcelotGateway.csproj", "{E6F52550-B402-42A4-ADA7-202DA5EDEF51}"
EndProject
Project("{2150E333-8FDC-42A3-9474-1A3956D46DE8}") = "WebUI", "WebUI", "{0BEDA918-9F7E-4722-A741-53B0EAC0DE9F}"
EndProject
Project("{FAE04EC0-301F-11D3-BF4B-00C04F79EFBC}") = "Messages.API", "Services\Messages.API\Messages.API.csproj", "{BDF41D1C-4D0E-44BC-96FF-81E55E75F215}"
EndProject
Project("{FAE04EC0-301F-11D3-BF4B-00C04F79EFBC}") = "EventBus", "BuildingBlocks\EventBus\EventBus.csproj", "{BC7B01B9-51C0-4C88-86D5-657F47F9E20C}"
EndProject
Project("{FAE04EC0-301F-11D3-BF4B-00C04F79EFBC}") = "Domain", "BuildingBlocks\Domain\Domain.csproj", "{884B3B2F-8FBD-4C54-98AC-D10F328403F9}"
EndProject
Project("{FAE04EC0-301F-11D3-BF4B-00C04F79EFBC}") = "Identity.API.Deprecated", "Services\Identity.API.Deprecated\Identity.API.Deprecated.csproj", "{1EC26FBB-5E35-4ED0-A520-5F82328577D3}"
EndProject
Project("{FAE04EC0-301F-11D3-BF4B-00C04F79EFBC}") = "Projects.API", "Services\Projects.API\Projects.API.csproj", "{B90D016A-EF7A-4A51-A81F-5612695EA095}"
EndProject
Project("{FAE04EC0-301F-11D3-BF4B-00C04F79EFBC}") = "YarpGateway", "ApiGateways\YarpGateway\YarpGateway.csproj", "{9FB72D54-EBD1-47D6-9E96-3C57C886CF0E}"
EndProject
Project("{FAE04EC0-301F-11D3-BF4B-00C04F79EFBC}") = "Admin.API", "Services\Admin.API\Admin.API.csproj", "{558A43D9-5C2C-49F1-91C9-0E9053B246AE}"
EndProject
Project("{2150E333-8FDC-42A3-9474-1A3956D46DE8}") = "Identity", "Identity", "{D0F9BD2A-180E-4113-A0A0-94C18C21BA16}"
EndProject
Project("{FAE04EC0-301F-11D3-BF4B-00C04F79EFBC}") = "Identity.API", "Services\Identity\Identity.API\Identity.API.csproj", "{6ED70CAF-1364-4718-A1AE-EFE7D5983564}"
EndProject
Project("{FAE04EC0-301F-11D3-BF4B-00C04F79EFBC}") = "Identity.Application", "Services\Identity\Identity.Application\Identity.Application.csproj", "{DD787684-5FDF-4416-955E-F27D575772C9}"
EndProject
Project("{FAE04EC0-301F-11D3-BF4B-00C04F79EFBC}") = "Identity.Contracts", "Services\Identity\Identity.Contracts\Identity.Contracts.csproj", "{6EFB43D2-ECC6-48DA-AA64-97E272470772}"
EndProject
Project("{FAE04EC0-301F-11D3-BF4B-00C04F79EFBC}") = "Identity.SignalR", "Services\Identity\Identity.SignalR\Identity.SignalR.csproj", "{AF85F382-C833-48AE-8DA3-ED15E0F91655}"
EndProject
Project("{FAE04EC0-301F-11D3-BF4B-00C04F79EFBC}") = "Identity.Domain", "Services\Identity\Identity.Domain\Identity.Domain.csproj", "{14AEE7F9-9C73-4259-91B8-2D09282E5341}"
EndProject
Project("{2150E333-8FDC-42A3-9474-1A3956D46DE8}") = "Projects", "Projects", "{C0C36B17-EDEB-4BBC-871C-66CF45D2D6D0}"
EndProject
Project("{FAE04EC0-301F-11D3-BF4B-00C04F79EFBC}") = "Projects.Application", "Services\Projects\Projects.Application\Projects.Application.csproj", "{A2109277-A928-4D1E-8178-CD5CF14166EC}"
EndProject
Project("{FAE04EC0-301F-11D3-BF4B-00C04F79EFBC}") = "Projects.Contracts", "Services\Projects\Projects.Contracts\Projects.Contracts.csproj", "{BE2FCE7E-525C-4DA5-A803-10B19E8D237E}"
EndProject
Project("{FAE04EC0-301F-11D3-BF4B-00C04F79EFBC}") = "Projects.Domain", "Services\Projects\Projects.Domain\Projects.Domain.csproj", "{C16E79AE-4FAB-4BE3-AC70-5019D8DF2ED3}"
EndProject
Project("{FAE04EC0-301F-11D3-BF4B-00C04F79EFBC}") = "Projects.SignalR", "Services\Projects\Projects.SignalR\Projects.SignalR.csproj", "{CC1A908D-B847-4ABF-A7DE-964A78FF6A3E}"
EndProject
Global
	GlobalSection(SolutionConfigurationPlatforms) = preSolution
		Debug|Any CPU = Debug|Any CPU
		Release|Any CPU = Release|Any CPU
	EndGlobalSection
	GlobalSection(NestedProjects) = preSolution
		{53FB622A-E290-4AD2-A755-5BBC255CF268} = {2EAD1BF8-005F-4567-A588-E42E65B7FD15}
		{BAF9294D-7CD9-4F0A-ABF2-D9059F48521F} = {6A3CCCED-4155-4DAC-A375-29BB295C07FE}
		{E6F52550-B402-42A4-ADA7-202DA5EDEF51} = {7BA525D5-4FE8-4B51-8DCF-DF68839BADBF}
		{BDF41D1C-4D0E-44BC-96FF-81E55E75F215} = {6A3CCCED-4155-4DAC-A375-29BB295C07FE}
		{BC7B01B9-51C0-4C88-86D5-657F47F9E20C} = {2EAD1BF8-005F-4567-A588-E42E65B7FD15}
		{884B3B2F-8FBD-4C54-98AC-D10F328403F9} = {2EAD1BF8-005F-4567-A588-E42E65B7FD15}
		{1EC26FBB-5E35-4ED0-A520-5F82328577D3} = {6A3CCCED-4155-4DAC-A375-29BB295C07FE}
		{9FB72D54-EBD1-47D6-9E96-3C57C886CF0E} = {7BA525D5-4FE8-4B51-8DCF-DF68839BADBF}
		{558A43D9-5C2C-49F1-91C9-0E9053B246AE} = {6A3CCCED-4155-4DAC-A375-29BB295C07FE}
		{D0F9BD2A-180E-4113-A0A0-94C18C21BA16} = {6A3CCCED-4155-4DAC-A375-29BB295C07FE}
		{6ED70CAF-1364-4718-A1AE-EFE7D5983564} = {D0F9BD2A-180E-4113-A0A0-94C18C21BA16}
		{DD787684-5FDF-4416-955E-F27D575772C9} = {D0F9BD2A-180E-4113-A0A0-94C18C21BA16}
		{6EFB43D2-ECC6-48DA-AA64-97E272470772} = {D0F9BD2A-180E-4113-A0A0-94C18C21BA16}
		{AF85F382-C833-48AE-8DA3-ED15E0F91655} = {D0F9BD2A-180E-4113-A0A0-94C18C21BA16}
		{14AEE7F9-9C73-4259-91B8-2D09282E5341} = {D0F9BD2A-180E-4113-A0A0-94C18C21BA16}
		{C0C36B17-EDEB-4BBC-871C-66CF45D2D6D0} = {6A3CCCED-4155-4DAC-A375-29BB295C07FE}
		{B90D016A-EF7A-4A51-A81F-5612695EA095} = {C0C36B17-EDEB-4BBC-871C-66CF45D2D6D0}
		{A2109277-A928-4D1E-8178-CD5CF14166EC} = {C0C36B17-EDEB-4BBC-871C-66CF45D2D6D0}
		{BE2FCE7E-525C-4DA5-A803-10B19E8D237E} = {C0C36B17-EDEB-4BBC-871C-66CF45D2D6D0}
		{C16E79AE-4FAB-4BE3-AC70-5019D8DF2ED3} = {C0C36B17-EDEB-4BBC-871C-66CF45D2D6D0}
		{CC1A908D-B847-4ABF-A7DE-964A78FF6A3E} = {C0C36B17-EDEB-4BBC-871C-66CF45D2D6D0}
	EndGlobalSection
	GlobalSection(ProjectConfigurationPlatforms) = postSolution
		{53FB622A-E290-4AD2-A755-5BBC255CF268}.Debug|Any CPU.ActiveCfg = Debug|Any CPU
		{53FB622A-E290-4AD2-A755-5BBC255CF268}.Debug|Any CPU.Build.0 = Debug|Any CPU
		{53FB622A-E290-4AD2-A755-5BBC255CF268}.Release|Any CPU.ActiveCfg = Release|Any CPU
		{53FB622A-E290-4AD2-A755-5BBC255CF268}.Release|Any CPU.Build.0 = Release|Any CPU
		{6ED70CAF-1364-4718-A1AE-EFE7D5983564}.Debug|Any CPU.ActiveCfg = Debug|Any CPU
		{6ED70CAF-1364-4718-A1AE-EFE7D5983564}.Debug|Any CPU.Build.0 = Debug|Any CPU
		{6ED70CAF-1364-4718-A1AE-EFE7D5983564}.Release|Any CPU.ActiveCfg = Release|Any CPU
		{6ED70CAF-1364-4718-A1AE-EFE7D5983564}.Release|Any CPU.Build.0 = Release|Any CPU
		{BAF9294D-7CD9-4F0A-ABF2-D9059F48521F}.Debug|Any CPU.ActiveCfg = Debug|Any CPU
		{BAF9294D-7CD9-4F0A-ABF2-D9059F48521F}.Debug|Any CPU.Build.0 = Debug|Any CPU
		{BAF9294D-7CD9-4F0A-ABF2-D9059F48521F}.Release|Any CPU.ActiveCfg = Release|Any CPU
		{BAF9294D-7CD9-4F0A-ABF2-D9059F48521F}.Release|Any CPU.Build.0 = Release|Any CPU
		{E6F52550-B402-42A4-ADA7-202DA5EDEF51}.Debug|Any CPU.ActiveCfg = Debug|Any CPU
		{E6F52550-B402-42A4-ADA7-202DA5EDEF51}.Debug|Any CPU.Build.0 = Debug|Any CPU
		{E6F52550-B402-42A4-ADA7-202DA5EDEF51}.Release|Any CPU.ActiveCfg = Release|Any CPU
		{E6F52550-B402-42A4-ADA7-202DA5EDEF51}.Release|Any CPU.Build.0 = Release|Any CPU
		{BDF41D1C-4D0E-44BC-96FF-81E55E75F215}.Debug|Any CPU.ActiveCfg = Debug|Any CPU
		{BDF41D1C-4D0E-44BC-96FF-81E55E75F215}.Debug|Any CPU.Build.0 = Debug|Any CPU
		{BDF41D1C-4D0E-44BC-96FF-81E55E75F215}.Release|Any CPU.ActiveCfg = Release|Any CPU
		{BDF41D1C-4D0E-44BC-96FF-81E55E75F215}.Release|Any CPU.Build.0 = Release|Any CPU
		{BC7B01B9-51C0-4C88-86D5-657F47F9E20C}.Debug|Any CPU.ActiveCfg = Debug|Any CPU
		{BC7B01B9-51C0-4C88-86D5-657F47F9E20C}.Debug|Any CPU.Build.0 = Debug|Any CPU
		{BC7B01B9-51C0-4C88-86D5-657F47F9E20C}.Release|Any CPU.ActiveCfg = Release|Any CPU
		{BC7B01B9-51C0-4C88-86D5-657F47F9E20C}.Release|Any CPU.Build.0 = Release|Any CPU
		{884B3B2F-8FBD-4C54-98AC-D10F328403F9}.Debug|Any CPU.ActiveCfg = Debug|Any CPU
		{884B3B2F-8FBD-4C54-98AC-D10F328403F9}.Debug|Any CPU.Build.0 = Debug|Any CPU
		{884B3B2F-8FBD-4C54-98AC-D10F328403F9}.Release|Any CPU.ActiveCfg = Release|Any CPU
		{884B3B2F-8FBD-4C54-98AC-D10F328403F9}.Release|Any CPU.Build.0 = Release|Any CPU
		{1EC26FBB-5E35-4ED0-A520-5F82328577D3}.Debug|Any CPU.ActiveCfg = Debug|Any CPU
		{1EC26FBB-5E35-4ED0-A520-5F82328577D3}.Debug|Any CPU.Build.0 = Debug|Any CPU
		{1EC26FBB-5E35-4ED0-A520-5F82328577D3}.Release|Any CPU.ActiveCfg = Release|Any CPU
		{1EC26FBB-5E35-4ED0-A520-5F82328577D3}.Release|Any CPU.Build.0 = Release|Any CPU
		{B90D016A-EF7A-4A51-A81F-5612695EA095}.Debug|Any CPU.ActiveCfg = Debug|Any CPU
		{B90D016A-EF7A-4A51-A81F-5612695EA095}.Debug|Any CPU.Build.0 = Debug|Any CPU
		{B90D016A-EF7A-4A51-A81F-5612695EA095}.Release|Any CPU.ActiveCfg = Release|Any CPU
		{B90D016A-EF7A-4A51-A81F-5612695EA095}.Release|Any CPU.Build.0 = Release|Any CPU
		{9FB72D54-EBD1-47D6-9E96-3C57C886CF0E}.Debug|Any CPU.ActiveCfg = Debug|Any CPU
		{9FB72D54-EBD1-47D6-9E96-3C57C886CF0E}.Debug|Any CPU.Build.0 = Debug|Any CPU
		{9FB72D54-EBD1-47D6-9E96-3C57C886CF0E}.Release|Any CPU.ActiveCfg = Release|Any CPU
		{9FB72D54-EBD1-47D6-9E96-3C57C886CF0E}.Release|Any CPU.Build.0 = Release|Any CPU
		{558A43D9-5C2C-49F1-91C9-0E9053B246AE}.Debug|Any CPU.ActiveCfg = Debug|Any CPU
		{558A43D9-5C2C-49F1-91C9-0E9053B246AE}.Debug|Any CPU.Build.0 = Debug|Any CPU
		{558A43D9-5C2C-49F1-91C9-0E9053B246AE}.Release|Any CPU.ActiveCfg = Release|Any CPU
		{558A43D9-5C2C-49F1-91C9-0E9053B246AE}.Release|Any CPU.Build.0 = Release|Any CPU
		{DD787684-5FDF-4416-955E-F27D575772C9}.Debug|Any CPU.ActiveCfg = Debug|Any CPU
		{DD787684-5FDF-4416-955E-F27D575772C9}.Debug|Any CPU.Build.0 = Debug|Any CPU
		{DD787684-5FDF-4416-955E-F27D575772C9}.Release|Any CPU.ActiveCfg = Release|Any CPU
		{DD787684-5FDF-4416-955E-F27D575772C9}.Release|Any CPU.Build.0 = Release|Any CPU
		{6EFB43D2-ECC6-48DA-AA64-97E272470772}.Debug|Any CPU.ActiveCfg = Debug|Any CPU
		{6EFB43D2-ECC6-48DA-AA64-97E272470772}.Debug|Any CPU.Build.0 = Debug|Any CPU
		{6EFB43D2-ECC6-48DA-AA64-97E272470772}.Release|Any CPU.ActiveCfg = Release|Any CPU
		{6EFB43D2-ECC6-48DA-AA64-97E272470772}.Release|Any CPU.Build.0 = Release|Any CPU
		{AF85F382-C833-48AE-8DA3-ED15E0F91655}.Debug|Any CPU.ActiveCfg = Debug|Any CPU
		{AF85F382-C833-48AE-8DA3-ED15E0F91655}.Debug|Any CPU.Build.0 = Debug|Any CPU
		{AF85F382-C833-48AE-8DA3-ED15E0F91655}.Release|Any CPU.ActiveCfg = Release|Any CPU
		{AF85F382-C833-48AE-8DA3-ED15E0F91655}.Release|Any CPU.Build.0 = Release|Any CPU
		{14AEE7F9-9C73-4259-91B8-2D09282E5341}.Debug|Any CPU.ActiveCfg = Debug|Any CPU
		{14AEE7F9-9C73-4259-91B8-2D09282E5341}.Debug|Any CPU.Build.0 = Debug|Any CPU
		{14AEE7F9-9C73-4259-91B8-2D09282E5341}.Release|Any CPU.ActiveCfg = Release|Any CPU
		{14AEE7F9-9C73-4259-91B8-2D09282E5341}.Release|Any CPU.Build.0 = Release|Any CPU
		{A2109277-A928-4D1E-8178-CD5CF14166EC}.Debug|Any CPU.ActiveCfg = Debug|Any CPU
		{A2109277-A928-4D1E-8178-CD5CF14166EC}.Debug|Any CPU.Build.0 = Debug|Any CPU
		{A2109277-A928-4D1E-8178-CD5CF14166EC}.Release|Any CPU.ActiveCfg = Release|Any CPU
		{A2109277-A928-4D1E-8178-CD5CF14166EC}.Release|Any CPU.Build.0 = Release|Any CPU
		{BE2FCE7E-525C-4DA5-A803-10B19E8D237E}.Debug|Any CPU.ActiveCfg = Debug|Any CPU
		{BE2FCE7E-525C-4DA5-A803-10B19E8D237E}.Debug|Any CPU.Build.0 = Debug|Any CPU
		{BE2FCE7E-525C-4DA5-A803-10B19E8D237E}.Release|Any CPU.ActiveCfg = Release|Any CPU
		{BE2FCE7E-525C-4DA5-A803-10B19E8D237E}.Release|Any CPU.Build.0 = Release|Any CPU
		{C16E79AE-4FAB-4BE3-AC70-5019D8DF2ED3}.Debug|Any CPU.ActiveCfg = Debug|Any CPU
		{C16E79AE-4FAB-4BE3-AC70-5019D8DF2ED3}.Debug|Any CPU.Build.0 = Debug|Any CPU
		{C16E79AE-4FAB-4BE3-AC70-5019D8DF2ED3}.Release|Any CPU.ActiveCfg = Release|Any CPU
		{C16E79AE-4FAB-4BE3-AC70-5019D8DF2ED3}.Release|Any CPU.Build.0 = Release|Any CPU
		{CC1A908D-B847-4ABF-A7DE-964A78FF6A3E}.Debug|Any CPU.ActiveCfg = Debug|Any CPU
		{CC1A908D-B847-4ABF-A7DE-964A78FF6A3E}.Debug|Any CPU.Build.0 = Debug|Any CPU
		{CC1A908D-B847-4ABF-A7DE-964A78FF6A3E}.Release|Any CPU.ActiveCfg = Release|Any CPU
		{CC1A908D-B847-4ABF-A7DE-964A78FF6A3E}.Release|Any CPU.Build.0 = Release|Any CPU
	EndGlobalSection
	GlobalSection(RiderSharedRunConfigurations) = postSolution
		File = Combined-Https-V2.run.xml
	EndGlobalSection
EndGlobal
